
Microsoft Visual Studio Solution File, Format Version 12.00
# Visual Studio Version 17
VisualStudioVersion = 17.3.32922.545
MinimumVisualStudioVersion = 10.0.40219.1
Project("{FAE04EC0-301F-11D3-BF4B-00C04F79EFBC}") = "net_cp1_Kevin-Zamora", "net_cp1_Kevin-Zamora\net_cp1_Kevin-Zamora.csproj", "{279C151C-DF1F-48C2-A7EF-8F5A6B451136}"
EndProject
Global
	GlobalSection(SolutionConfigurationPlatforms) = preSolution
		Debug|Any CPU = Debug|Any CPU
		Release|Any CPU = Release|Any CPU
	EndGlobalSection
	GlobalSection(ProjectConfigurationPlatforms) = postSolution
		{279C151C-DF1F-48C2-A7EF-8F5A6B451136}.Debug|Any CPU.ActiveCfg = Debug|Any CPU
		{279C151C-DF1F-48C2-A7EF-8F5A6B451136}.Debug|Any CPU.Build.0 = Debug|Any CPU
		{279C151C-DF1F-48C2-A7EF-8F5A6B451136}.Release|Any CPU.ActiveCfg = Release|Any CPU
		{279C151C-DF1F-48C2-A7EF-8F5A6B451136}.Release|Any CPU.Build.0 = Release|Any CPU
	EndGlobalSection
	GlobalSection(SolutionProperties) = preSolution
		HideSolutionNode = FALSE
	EndGlobalSection
	GlobalSection(ExtensibilityGlobals) = postSolution
		SolutionGuid = {1F456651-912A-49E5-B3F7-DDF4DBFF9BBF}
	EndGlobalSection
EndGlobal
