
Microsoft Visual Studio Solution File, Format Version 12.00
# Visual Studio Version 17
VisualStudioVersion = 17.3.32922.545
MinimumVisualStudioVersion = 10.0.40219.1
Project("{9A19103F-16F7-4668-BE54-9A1E7A4F7556}") = "CP1", "CP1\CP1.csproj", "{C7E52C38-6E6B-4F92-BD9A-0E6875611FD7}"
EndProject
Global
	GlobalSection(SolutionConfigurationPlatforms) = preSolution
		Debug|Any CPU = Debug|Any CPU
		Release|Any CPU = Release|Any CPU
	EndGlobalSection
	GlobalSection(ProjectConfigurationPlatforms) = postSolution
		{C7E52C38-6E6B-4F92-BD9A-0E6875611FD7}.Debug|Any CPU.ActiveCfg = Debug|Any CPU
		{C7E52C38-6E6B-4F92-BD9A-0E6875611FD7}.Debug|Any CPU.Build.0 = Debug|Any CPU
		{C7E52C38-6E6B-4F92-BD9A-0E6875611FD7}.Release|Any CPU.ActiveCfg = Release|Any CPU
		{C7E52C38-6E6B-4F92-BD9A-0E6875611FD7}.Release|Any CPU.Build.0 = Release|Any CPU
	EndGlobalSection
	GlobalSection(SolutionProperties) = preSolution
		HideSolutionNode = FALSE
	EndGlobalSection
	GlobalSection(ExtensibilityGlobals) = postSolution
		SolutionGuid = {1F456651-912A-49E5-B3F7-DDF4DBFF9BBF}
	EndGlobalSection
EndGlobal
